// !$*UTF8*$!
{
	archiveVersion = 1;
	classes = {
	};
	objectVersion = 46;
	objects = {

/* Begin PBXBuildFile section */
		EB22D68319ADB9CB00745D47 /* Foundation.framework in Frameworks */ = {isa = PBXBuildFile; fileRef = EB22D68219ADB9CB00745D47 /* Foundation.framework */; };
		EB22D68519ADB9CB00745D47 /* CoreGraphics.framework in Frameworks */ = {isa = PBXBuildFile; fileRef = EB22D68419ADB9CB00745D47 /* CoreGraphics.framework */; };
		EB22D68719ADB9CB00745D47 /* UIKit.framework in Frameworks */ = {isa = PBXBuildFile; fileRef = EB22D68619ADB9CB00745D47 /* UIKit.framework */; };
		EB22D68D19ADB9CB00745D47 /* InfoPlist.strings in Resources */ = {isa = PBXBuildFile; fileRef = EB22D68B19ADB9CB00745D47 /* InfoPlist.strings */; };
		EB22D68F19ADB9CB00745D47 /* main.m in Sources */ = {isa = PBXBuildFile; fileRef = EB22D68E19ADB9CB00745D47 /* main.m */; };
		EB22D69319ADB9CB00745D47 /* AppDelegate.m in Sources */ = {isa = PBXBuildFile; fileRef = EB22D69219ADB9CB00745D47 /* AppDelegate.m */; };
		EB22D69619ADB9CB00745D47 /* Main.storyboard in Resources */ = {isa = PBXBuildFile; fileRef = EB22D69419ADB9CB00745D47 /* Main.storyboard */; };
		EB22D69B19ADB9CB00745D47 /* Images.xcassets in Resources */ = {isa = PBXBuildFile; fileRef = EB22D69A19ADB9CB00745D47 /* Images.xcassets */; };
		EB22D6A219ADB9CB00745D47 /* XCTest.framework in Frameworks */ = {isa = PBXBuildFile; fileRef = EB22D6A119ADB9CB00745D47 /* XCTest.framework */; };
		EB22D6A319ADB9CB00745D47 /* Foundation.framework in Frameworks */ = {isa = PBXBuildFile; fileRef = EB22D68219ADB9CB00745D47 /* Foundation.framework */; };
		EB22D6A419ADB9CB00745D47 /* UIKit.framework in Frameworks */ = {isa = PBXBuildFile; fileRef = EB22D68619ADB9CB00745D47 /* UIKit.framework */; };
		EB22D6AC19ADB9CB00745D47 /* InfoPlist.strings in Resources */ = {isa = PBXBuildFile; fileRef = EB22D6AA19ADB9CB00745D47 /* InfoPlist.strings */; };
		EB22D6AE19ADB9CB00745D47 /* SampleChatAppTests.m in Sources */ = {isa = PBXBuildFile; fileRef = EB22D6AD19ADB9CB00745D47 /* SampleChatAppTests.m */; };
		EB22D6D119ADCE4800745D47 /* Bolts.framework in Frameworks */ = {isa = PBXBuildFile; fileRef = EB22D6CE19ADCE4800745D47 /* Bolts.framework */; };
		EB22D6D219ADCE4800745D47 /* Parse.framework in Frameworks */ = {isa = PBXBuildFile; fileRef = EB22D6CF19ADCE4800745D47 /* Parse.framework */; };
		EB22D6D319ADCE4800745D47 /* ParseFacebookUtils.framework in Frameworks */ = {isa = PBXBuildFile; fileRef = EB22D6D019ADCE4800745D47 /* ParseFacebookUtils.framework */; };
		EB22D6D519ADD49700745D47 /* Security.framework in Frameworks */ = {isa = PBXBuildFile; fileRef = EB22D6D419ADD49700745D47 /* Security.framework */; };
		EB22D6D719ADD4A100745D47 /* SystemConfiguration.framework in Frameworks */ = {isa = PBXBuildFile; fileRef = EB22D6D619ADD4A100745D47 /* SystemConfiguration.framework */; };
		EBB5022D19ADD5E500D2485A /* libz.1.1.3.dylib in Frameworks */ = {isa = PBXBuildFile; fileRef = EBB5022C19ADD5E500D2485A /* libz.1.1.3.dylib */; };
		EBB5022F19ADD5FF00D2485A /* StoreKit.framework in Frameworks */ = {isa = PBXBuildFile; fileRef = EBB5022E19ADD5FF00D2485A /* StoreKit.framework */; };
		EBB5023119ADD60C00D2485A /* libz.dylib in Frameworks */ = {isa = PBXBuildFile; fileRef = EBB5023019ADD60C00D2485A /* libz.dylib */; };
		EBB5023319ADD61700D2485A /* AudioToolbox.framework in Frameworks */ = {isa = PBXBuildFile; fileRef = EBB5023219ADD61700D2485A /* AudioToolbox.framework */; };
		EBB5023519ADD62100D2485A /* CFNetwork.framework in Frameworks */ = {isa = PBXBuildFile; fileRef = EBB5023419ADD62100D2485A /* CFNetwork.framework */; };
		EBB5023719ADD63500D2485A /* CoreLocation.framework in Frameworks */ = {isa = PBXBuildFile; fileRef = EBB5023619ADD63500D2485A /* CoreLocation.framework */; };
		EBB5023919ADD63D00D2485A /* MobileCoreServices.framework in Frameworks */ = {isa = PBXBuildFile; fileRef = EBB5023819ADD63D00D2485A /* MobileCoreServices.framework */; };
		EBB5023C19AE127600D2485A /* User.m in Sources */ = {isa = PBXBuildFile; fileRef = EBB5023B19AE127600D2485A /* User.m */; };
		EBB5024019AE12A100D2485A /* Message.m in Sources */ = {isa = PBXBuildFile; fileRef = EBB5023F19AE12A100D2485A /* Message.m */; };
		EBB5024319AE2ED700D2485A /* GuestViewController.m in Sources */ = {isa = PBXBuildFile; fileRef = EBB5024219AE2ED700D2485A /* GuestViewController.m */; };
		EBB5024719AE331B00D2485A /* SignUpViewController.m in Sources */ = {isa = PBXBuildFile; fileRef = EBB5024619AE331B00D2485A /* SignUpViewController.m */; };
		EBB5024A19AE37BD00D2485A /* Guest.m in Sources */ = {isa = PBXBuildFile; fileRef = EBB5024919AE37BD00D2485A /* Guest.m */; };
		EBB5024D19AE37CD00D2485A /* Member.m in Sources */ = {isa = PBXBuildFile; fileRef = EBB5024C19AE37CD00D2485A /* Member.m */; };
/* End PBXBuildFile section */

/* Begin PBXContainerItemProxy section */
		EB22D6A519ADB9CB00745D47 /* PBXContainerItemProxy */ = {
			isa = PBXContainerItemProxy;
			containerPortal = EB22D67719ADB9CB00745D47 /* Project object */;
			proxyType = 1;
			remoteGlobalIDString = EB22D67E19ADB9CB00745D47;
			remoteInfo = SampleChatApp;
		};
/* End PBXContainerItemProxy section */

/* Begin PBXFileReference section */
		EB22D67F19ADB9CB00745D47 /* SampleChatApp.app */ = {isa = PBXFileReference; explicitFileType = wrapper.application; includeInIndex = 0; path = SampleChatApp.app; sourceTree = BUILT_PRODUCTS_DIR; };
		EB22D68219ADB9CB00745D47 /* Foundation.framework */ = {isa = PBXFileReference; lastKnownFileType = wrapper.framework; name = Foundation.framework; path = System/Library/Frameworks/Foundation.framework; sourceTree = SDKROOT; };
		EB22D68419ADB9CB00745D47 /* CoreGraphics.framework */ = {isa = PBXFileReference; lastKnownFileType = wrapper.framework; name = CoreGraphics.framework; path = System/Library/Frameworks/CoreGraphics.framework; sourceTree = SDKROOT; };
		EB22D68619ADB9CB00745D47 /* UIKit.framework */ = {isa = PBXFileReference; lastKnownFileType = wrapper.framework; name = UIKit.framework; path = System/Library/Frameworks/UIKit.framework; sourceTree = SDKROOT; };
		EB22D68A19ADB9CB00745D47 /* SampleChatApp-Info.plist */ = {isa = PBXFileReference; lastKnownFileType = text.plist.xml; path = "SampleChatApp-Info.plist"; sourceTree = "<group>"; };
		EB22D68C19ADB9CB00745D47 /* en */ = {isa = PBXFileReference; lastKnownFileType = text.plist.strings; name = en; path = en.lproj/InfoPlist.strings; sourceTree = "<group>"; };
		EB22D68E19ADB9CB00745D47 /* main.m */ = {isa = PBXFileReference; lastKnownFileType = sourcecode.c.objc; path = main.m; sourceTree = "<group>"; };
		EB22D69019ADB9CB00745D47 /* SampleChatApp-Prefix.pch */ = {isa = PBXFileReference; lastKnownFileType = sourcecode.c.h; path = "SampleChatApp-Prefix.pch"; sourceTree = "<group>"; };
		EB22D69119ADB9CB00745D47 /* AppDelegate.h */ = {isa = PBXFileReference; lastKnownFileType = sourcecode.c.h; path = AppDelegate.h; sourceTree = "<group>"; };
		EB22D69219ADB9CB00745D47 /* AppDelegate.m */ = {isa = PBXFileReference; lastKnownFileType = sourcecode.c.objc; path = AppDelegate.m; sourceTree = "<group>"; };
		EB22D69519ADB9CB00745D47 /* Base */ = {isa = PBXFileReference; lastKnownFileType = file.storyboard; name = Base; path = Base.lproj/Main.storyboard; sourceTree = "<group>"; };
		EB22D69A19ADB9CB00745D47 /* Images.xcassets */ = {isa = PBXFileReference; lastKnownFileType = folder.assetcatalog; path = Images.xcassets; sourceTree = "<group>"; };
		EB22D6A019ADB9CB00745D47 /* SampleChatAppTests.xctest */ = {isa = PBXFileReference; explicitFileType = wrapper.cfbundle; includeInIndex = 0; path = SampleChatAppTests.xctest; sourceTree = BUILT_PRODUCTS_DIR; };
		EB22D6A119ADB9CB00745D47 /* XCTest.framework */ = {isa = PBXFileReference; lastKnownFileType = wrapper.framework; name = XCTest.framework; path = Library/Frameworks/XCTest.framework; sourceTree = DEVELOPER_DIR; };
		EB22D6A919ADB9CB00745D47 /* SampleChatAppTests-Info.plist */ = {isa = PBXFileReference; lastKnownFileType = text.plist.xml; path = "SampleChatAppTests-Info.plist"; sourceTree = "<group>"; };
		EB22D6AB19ADB9CB00745D47 /* en */ = {isa = PBXFileReference; lastKnownFileType = text.plist.strings; name = en; path = en.lproj/InfoPlist.strings; sourceTree = "<group>"; };
		EB22D6AD19ADB9CB00745D47 /* SampleChatAppTests.m */ = {isa = PBXFileReference; lastKnownFileType = sourcecode.c.objc; path = SampleChatAppTests.m; sourceTree = "<group>"; };
		EB22D6CE19ADCE4800745D47 /* Bolts.framework */ = {isa = PBXFileReference; lastKnownFileType = wrapper.framework; path = Bolts.framework; sourceTree = "<group>"; };
		EB22D6CF19ADCE4800745D47 /* Parse.framework */ = {isa = PBXFileReference; lastKnownFileType = wrapper.framework; path = Parse.framework; sourceTree = "<group>"; };
		EB22D6D019ADCE4800745D47 /* ParseFacebookUtils.framework */ = {isa = PBXFileReference; lastKnownFileType = wrapper.framework; path = ParseFacebookUtils.framework; sourceTree = "<group>"; };
		EB22D6D419ADD49700745D47 /* Security.framework */ = {isa = PBXFileReference; lastKnownFileType = wrapper.framework; name = Security.framework; path = System/Library/Frameworks/Security.framework; sourceTree = SDKROOT; };
		EB22D6D619ADD4A100745D47 /* SystemConfiguration.framework */ = {isa = PBXFileReference; lastKnownFileType = wrapper.framework; name = SystemConfiguration.framework; path = System/Library/Frameworks/SystemConfiguration.framework; sourceTree = SDKROOT; };
		EBB5022C19ADD5E500D2485A /* libz.1.1.3.dylib */ = {isa = PBXFileReference; lastKnownFileType = "compiled.mach-o.dylib"; name = libz.1.1.3.dylib; path = usr/lib/libz.1.1.3.dylib; sourceTree = SDKROOT; };
		EBB5022E19ADD5FF00D2485A /* StoreKit.framework */ = {isa = PBXFileReference; lastKnownFileType = wrapper.framework; name = StoreKit.framework; path = System/Library/Frameworks/StoreKit.framework; sourceTree = SDKROOT; };
		EBB5023019ADD60C00D2485A /* libz.dylib */ = {isa = PBXFileReference; lastKnownFileType = "compiled.mach-o.dylib"; name = libz.dylib; path = usr/lib/libz.dylib; sourceTree = SDKROOT; };
		EBB5023219ADD61700D2485A /* AudioToolbox.framework */ = {isa = PBXFileReference; lastKnownFileType = wrapper.framework; name = AudioToolbox.framework; path = System/Library/Frameworks/AudioToolbox.framework; sourceTree = SDKROOT; };
		EBB5023419ADD62100D2485A /* CFNetwork.framework */ = {isa = PBXFileReference; lastKnownFileType = wrapper.framework; name = CFNetwork.framework; path = System/Library/Frameworks/CFNetwork.framework; sourceTree = SDKROOT; };
		EBB5023619ADD63500D2485A /* CoreLocation.framework */ = {isa = PBXFileReference; lastKnownFileType = wrapper.framework; name = CoreLocation.framework; path = System/Library/Frameworks/CoreLocation.framework; sourceTree = SDKROOT; };
		EBB5023819ADD63D00D2485A /* MobileCoreServices.framework */ = {isa = PBXFileReference; lastKnownFileType = wrapper.framework; name = MobileCoreServices.framework; path = System/Library/Frameworks/MobileCoreServices.framework; sourceTree = SDKROOT; };
		EBB5023A19AE127600D2485A /* User.h */ = {isa = PBXFileReference; fileEncoding = 4; lastKnownFileType = sourcecode.c.h; path = User.h; sourceTree = "<group>"; };
		EBB5023B19AE127600D2485A /* User.m */ = {isa = PBXFileReference; fileEncoding = 4; lastKnownFileType = sourcecode.c.objc; path = User.m; sourceTree = "<group>"; };
		EBB5023E19AE12A100D2485A /* Message.h */ = {isa = PBXFileReference; fileEncoding = 4; lastKnownFileType = sourcecode.c.h; path = Message.h; sourceTree = "<group>"; };
		EBB5023F19AE12A100D2485A /* Message.m */ = {isa = PBXFileReference; fileEncoding = 4; lastKnownFileType = sourcecode.c.objc; path = Message.m; sourceTree = "<group>"; };
		EBB5024119AE2ED700D2485A /* GuestViewController.h */ = {isa = PBXFileReference; fileEncoding = 4; lastKnownFileType = sourcecode.c.h; path = GuestViewController.h; sourceTree = "<group>"; };
		EBB5024219AE2ED700D2485A /* GuestViewController.m */ = {isa = PBXFileReference; fileEncoding = 4; lastKnownFileType = sourcecode.c.objc; path = GuestViewController.m; sourceTree = "<group>"; };
		EBB5024519AE331B00D2485A /* SignUpViewController.h */ = {isa = PBXFileReference; fileEncoding = 4; lastKnownFileType = sourcecode.c.h; path = SignUpViewController.h; sourceTree = "<group>"; };
		EBB5024619AE331B00D2485A /* SignUpViewController.m */ = {isa = PBXFileReference; fileEncoding = 4; lastKnownFileType = sourcecode.c.objc; path = SignUpViewController.m; sourceTree = "<group>"; };
		EBB5024819AE37BD00D2485A /* Guest.h */ = {isa = PBXFileReference; fileEncoding = 4; lastKnownFileType = sourcecode.c.h; path = Guest.h; sourceTree = "<group>"; };
		EBB5024919AE37BD00D2485A /* Guest.m */ = {isa = PBXFileReference; fileEncoding = 4; lastKnownFileType = sourcecode.c.objc; path = Guest.m; sourceTree = "<group>"; };
		EBB5024B19AE37CD00D2485A /* Member.h */ = {isa = PBXFileReference; fileEncoding = 4; lastKnownFileType = sourcecode.c.h; path = Member.h; sourceTree = "<group>"; };
		EBB5024C19AE37CD00D2485A /* Member.m */ = {isa = PBXFileReference; fileEncoding = 4; lastKnownFileType = sourcecode.c.objc; path = Member.m; sourceTree = "<group>"; };
		EBB5024E19AE3C2F00D2485A /* Constant.h */ = {isa = PBXFileReference; lastKnownFileType = sourcecode.c.h; path = Constant.h; sourceTree = "<group>"; };
/* End PBXFileReference section */

/* Begin PBXFrameworksBuildPhase section */
		EB22D67C19ADB9CB00745D47 /* Frameworks */ = {
			isa = PBXFrameworksBuildPhase;
			buildActionMask = 2147483647;
			files = (
				EBB5023919ADD63D00D2485A /* MobileCoreServices.framework in Frameworks */,
				EBB5023719ADD63500D2485A /* CoreLocation.framework in Frameworks */,
				EBB5023519ADD62100D2485A /* CFNetwork.framework in Frameworks */,
				EBB5023319ADD61700D2485A /* AudioToolbox.framework in Frameworks */,
				EBB5023119ADD60C00D2485A /* libz.dylib in Frameworks */,
				EBB5022F19ADD5FF00D2485A /* StoreKit.framework in Frameworks */,
				EBB5022D19ADD5E500D2485A /* libz.1.1.3.dylib in Frameworks */,
				EB22D6D719ADD4A100745D47 /* SystemConfiguration.framework in Frameworks */,
				EB22D6D519ADD49700745D47 /* Security.framework in Frameworks */,
				EB22D68519ADB9CB00745D47 /* CoreGraphics.framework in Frameworks */,
				EB22D68719ADB9CB00745D47 /* UIKit.framework in Frameworks */,
				EB22D6D319ADCE4800745D47 /* ParseFacebookUtils.framework in Frameworks */,
				EB22D68319ADB9CB00745D47 /* Foundation.framework in Frameworks */,
				EB22D6D119ADCE4800745D47 /* Bolts.framework in Frameworks */,
				EB22D6D219ADCE4800745D47 /* Parse.framework in Frameworks */,
			);
			runOnlyForDeploymentPostprocessing = 0;
		};
		EB22D69D19ADB9CB00745D47 /* Frameworks */ = {
			isa = PBXFrameworksBuildPhase;
			buildActionMask = 2147483647;
			files = (
				EB22D6A219ADB9CB00745D47 /* XCTest.framework in Frameworks */,
				EB22D6A419ADB9CB00745D47 /* UIKit.framework in Frameworks */,
				EB22D6A319ADB9CB00745D47 /* Foundation.framework in Frameworks */,
			);
			runOnlyForDeploymentPostprocessing = 0;
		};
/* End PBXFrameworksBuildPhase section */

/* Begin PBXGroup section */
		EB22D67619ADB9CB00745D47 = {
			isa = PBXGroup;
			children = (
				EBB5024E19AE3C2F00D2485A /* Constant.h */,
				EB22D68819ADB9CB00745D47 /* SampleChatApp */,
				EB22D6A719ADB9CB00745D47 /* SampleChatAppTests */,
				EB22D68119ADB9CB00745D47 /* Frameworks */,
				EB22D68019ADB9CB00745D47 /* Products */,
			);
			sourceTree = "<group>";
		};
		EB22D68019ADB9CB00745D47 /* Products */ = {
			isa = PBXGroup;
			children = (
				EB22D67F19ADB9CB00745D47 /* SampleChatApp.app */,
				EB22D6A019ADB9CB00745D47 /* SampleChatAppTests.xctest */,
			);
			name = Products;
			sourceTree = "<group>";
		};
		EB22D68119ADB9CB00745D47 /* Frameworks */ = {
			isa = PBXGroup;
			children = (
				EBB5023819ADD63D00D2485A /* MobileCoreServices.framework */,
				EBB5023619ADD63500D2485A /* CoreLocation.framework */,
				EBB5023419ADD62100D2485A /* CFNetwork.framework */,
				EBB5023219ADD61700D2485A /* AudioToolbox.framework */,
				EBB5023019ADD60C00D2485A /* libz.dylib */,
				EBB5022E19ADD5FF00D2485A /* StoreKit.framework */,
				EBB5022C19ADD5E500D2485A /* libz.1.1.3.dylib */,
				EB22D6D619ADD4A100745D47 /* SystemConfiguration.framework */,
				EB22D6D419ADD49700745D47 /* Security.framework */,
				EB22D6CD19ADCE4800745D47 /* parse-library-1.2.21 */,
				EB22D68219ADB9CB00745D47 /* Foundation.framework */,
				EB22D68419ADB9CB00745D47 /* CoreGraphics.framework */,
				EB22D68619ADB9CB00745D47 /* UIKit.framework */,
				EB22D6A119ADB9CB00745D47 /* XCTest.framework */,
			);
			name = Frameworks;
			sourceTree = "<group>";
		};
		EB22D68819ADB9CB00745D47 /* SampleChatApp */ = {
			isa = PBXGroup;
			children = (
				EBB5023D19AE128000D2485A /* Model */,
				EB22D69119ADB9CB00745D47 /* AppDelegate.h */,
				EB22D69219ADB9CB00745D47 /* AppDelegate.m */,
				EB22D69419ADB9CB00745D47 /* Main.storyboard */,
				EBB5024419AE2EE200D2485A /* Controllers */,
				EB22D69A19ADB9CB00745D47 /* Images.xcassets */,
				EB22D68919ADB9CB00745D47 /* Supporting Files */,
			);
			path = SampleChatApp;
			sourceTree = "<group>";
		};
		EB22D68919ADB9CB00745D47 /* Supporting Files */ = {
			isa = PBXGroup;
			children = (
				EB22D68A19ADB9CB00745D47 /* SampleChatApp-Info.plist */,
				EB22D68B19ADB9CB00745D47 /* InfoPlist.strings */,
				EB22D68E19ADB9CB00745D47 /* main.m */,
				EB22D69019ADB9CB00745D47 /* SampleChatApp-Prefix.pch */,
			);
			name = "Supporting Files";
			sourceTree = "<group>";
		};
		EB22D6A719ADB9CB00745D47 /* SampleChatAppTests */ = {
			isa = PBXGroup;
			children = (
				EB22D6AD19ADB9CB00745D47 /* SampleChatAppTests.m */,
				EB22D6A819ADB9CB00745D47 /* Supporting Files */,
			);
			path = SampleChatAppTests;
			sourceTree = "<group>";
		};
		EB22D6A819ADB9CB00745D47 /* Supporting Files */ = {
			isa = PBXGroup;
			children = (
				EB22D6A919ADB9CB00745D47 /* SampleChatAppTests-Info.plist */,
				EB22D6AA19ADB9CB00745D47 /* InfoPlist.strings */,
			);
			name = "Supporting Files";
			sourceTree = "<group>";
		};
		EB22D6CD19ADCE4800745D47 /* parse-library-1.2.21 */ = {
			isa = PBXGroup;
			children = (
				EB22D6CE19ADCE4800745D47 /* Bolts.framework */,
				EB22D6CF19ADCE4800745D47 /* Parse.framework */,
				EB22D6D019ADCE4800745D47 /* ParseFacebookUtils.framework */,
			);
			path = "parse-library-1.2.21";
			sourceTree = "<group>";
		};
		EBB5023D19AE128000D2485A /* Model */ = {
			isa = PBXGroup;
			children = (
				EBB5023A19AE127600D2485A /* User.h */,
				EBB5023B19AE127600D2485A /* User.m */,
				EBB5024819AE37BD00D2485A /* Guest.h */,
				EBB5024919AE37BD00D2485A /* Guest.m */,
				EBB5024B19AE37CD00D2485A /* Member.h */,
				EBB5024C19AE37CD00D2485A /* Member.m */,
				EBB5023E19AE12A100D2485A /* Message.h */,
				EBB5023F19AE12A100D2485A /* Message.m */,
			);
			name = Model;
			sourceTree = "<group>";
		};
		EBB5024419AE2EE200D2485A /* Controllers */ = {
			isa = PBXGroup;
			children = (
				EBB5024119AE2ED700D2485A /* GuestViewController.h */,
				EBB5024219AE2ED700D2485A /* GuestViewController.m */,
				EBB5024519AE331B00D2485A /* SignUpViewController.h */,
				EBB5024619AE331B00D2485A /* SignUpViewController.m */,
			);
			name = Controllers;
			sourceTree = "<group>";
		};
/* End PBXGroup section */

/* Begin PBXNativeTarget section */
		EB22D67E19ADB9CB00745D47 /* SampleChatApp */ = {
			isa = PBXNativeTarget;
			buildConfigurationList = EB22D6B119ADB9CB00745D47 /* Build configuration list for PBXNativeTarget "SampleChatApp" */;
			buildPhases = (
				EB22D67B19ADB9CB00745D47 /* Sources */,
				EB22D67C19ADB9CB00745D47 /* Frameworks */,
				EB22D67D19ADB9CB00745D47 /* Resources */,
			);
			buildRules = (
			);
			dependencies = (
			);
			name = SampleChatApp;
			productName = SampleChatApp;
			productReference = EB22D67F19ADB9CB00745D47 /* SampleChatApp.app */;
			productType = "com.apple.product-type.application";
		};
		EB22D69F19ADB9CB00745D47 /* SampleChatAppTests */ = {
			isa = PBXNativeTarget;
			buildConfigurationList = EB22D6B419ADB9CB00745D47 /* Build configuration list for PBXNativeTarget "SampleChatAppTests" */;
			buildPhases = (
				EB22D69C19ADB9CB00745D47 /* Sources */,
				EB22D69D19ADB9CB00745D47 /* Frameworks */,
				EB22D69E19ADB9CB00745D47 /* Resources */,
			);
			buildRules = (
			);
			dependencies = (
				EB22D6A619ADB9CB00745D47 /* PBXTargetDependency */,
			);
			name = SampleChatAppTests;
			productName = SampleChatAppTests;
			productReference = EB22D6A019ADB9CB00745D47 /* SampleChatAppTests.xctest */;
			productType = "com.apple.product-type.bundle.unit-test";
		};
/* End PBXNativeTarget section */

/* Begin PBXProject section */
		EB22D67719ADB9CB00745D47 /* Project object */ = {
			isa = PBXProject;
			attributes = {
				LastUpgradeCheck = 0510;
				ORGANIZATIONNAME = "Vikash Soni";
				TargetAttributes = {
					EB22D69F19ADB9CB00745D47 = {
						TestTargetID = EB22D67E19ADB9CB00745D47;
					};
				};
			};
			buildConfigurationList = EB22D67A19ADB9CB00745D47 /* Build configuration list for PBXProject "SampleChatApp" */;
			compatibilityVersion = "Xcode 3.2";
			developmentRegion = English;
			hasScannedForEncodings = 0;
			knownRegions = (
				en,
				Base,
			);
			mainGroup = EB22D67619ADB9CB00745D47;
			productRefGroup = EB22D68019ADB9CB00745D47 /* Products */;
			projectDirPath = "";
			projectRoot = "";
			targets = (
				EB22D67E19ADB9CB00745D47 /* SampleChatApp */,
				EB22D69F19ADB9CB00745D47 /* SampleChatAppTests */,
			);
		};
/* End PBXProject section */

/* Begin PBXResourcesBuildPhase section */
		EB22D67D19ADB9CB00745D47 /* Resources */ = {
			isa = PBXResourcesBuildPhase;
			buildActionMask = 2147483647;
			files = (
				EB22D69B19ADB9CB00745D47 /* Images.xcassets in Resources */,
				EB22D68D19ADB9CB00745D47 /* InfoPlist.strings in Resources */,
				EB22D69619ADB9CB00745D47 /* Main.storyboard in Resources */,
			);
			runOnlyForDeploymentPostprocessing = 0;
		};
		EB22D69E19ADB9CB00745D47 /* Resources */ = {
			isa = PBXResourcesBuildPhase;
			buildActionMask = 2147483647;
			files = (
				EB22D6AC19ADB9CB00745D47 /* InfoPlist.strings in Resources */,
			);
			runOnlyForDeploymentPostprocessing = 0;
		};
/* End PBXResourcesBuildPhase section */

/* Begin PBXSourcesBuildPhase section */
		EB22D67B19ADB9CB00745D47 /* Sources */ = {
			isa = PBXSourcesBuildPhase;
			buildActionMask = 2147483647;
			files = (
				EBB5023C19AE127600D2485A /* User.m in Sources */,
				EBB5024019AE12A100D2485A /* Message.m in Sources */,
				EBB5024A19AE37BD00D2485A /* Guest.m in Sources */,
				EBB5024D19AE37CD00D2485A /* Member.m in Sources */,
				EBB5024719AE331B00D2485A /* SignUpViewController.m in Sources */,
				EB22D69319ADB9CB00745D47 /* AppDelegate.m in Sources */,
				EB22D68F19ADB9CB00745D47 /* main.m in Sources */,
				EBB5024319AE2ED700D2485A /* GuestViewController.m in Sources */,
			);
			runOnlyForDeploymentPostprocessing = 0;
		};
		EB22D69C19ADB9CB00745D47 /* Sources */ = {
			isa = PBXSourcesBuildPhase;
			buildActionMask = 2147483647;
			files = (
				EB22D6AE19ADB9CB00745D47 /* SampleChatAppTests.m in Sources */,
			);
			runOnlyForDeploymentPostprocessing = 0;
		};
/* End PBXSourcesBuildPhase section */

/* Begin PBXTargetDependency section */
		EB22D6A619ADB9CB00745D47 /* PBXTargetDependency */ = {
			isa = PBXTargetDependency;
			target = EB22D67E19ADB9CB00745D47 /* SampleChatApp */;
			targetProxy = EB22D6A519ADB9CB00745D47 /* PBXContainerItemProxy */;
		};
/* End PBXTargetDependency section */

/* Begin PBXVariantGroup section */
		EB22D68B19ADB9CB00745D47 /* InfoPlist.strings */ = {
			isa = PBXVariantGroup;
			children = (
				EB22D68C19ADB9CB00745D47 /* en */,
			);
			name = InfoPlist.strings;
			sourceTree = "<group>";
		};
		EB22D69419ADB9CB00745D47 /* Main.storyboard */ = {
			isa = PBXVariantGroup;
			children = (
				EB22D69519ADB9CB00745D47 /* Base */,
			);
			name = Main.storyboard;
			sourceTree = "<group>";
		};
		EB22D6AA19ADB9CB00745D47 /* InfoPlist.strings */ = {
			isa = PBXVariantGroup;
			children = (
				EB22D6AB19ADB9CB00745D47 /* en */,
			);
			name = InfoPlist.strings;
			sourceTree = "<group>";
		};
/* End PBXVariantGroup section */

/* Begin XCBuildConfiguration section */
		EB22D6AF19ADB9CB00745D47 /* Debug */ = {
			isa = XCBuildConfiguration;
			buildSettings = {
				ALWAYS_SEARCH_USER_PATHS = NO;
				CLANG_CXX_LANGUAGE_STANDARD = "gnu++0x";
				CLANG_CXX_LIBRARY = "libc++";
				CLANG_ENABLE_MODULES = YES;
				CLANG_ENABLE_OBJC_ARC = YES;
				CLANG_WARN_BOOL_CONVERSION = YES;
				CLANG_WARN_CONSTANT_CONVERSION = YES;
				CLANG_WARN_DIRECT_OBJC_ISA_USAGE = YES_ERROR;
				CLANG_WARN_EMPTY_BODY = YES;
				CLANG_WARN_ENUM_CONVERSION = YES;
				CLANG_WARN_INT_CONVERSION = YES;
				CLANG_WARN_OBJC_ROOT_CLASS = YES_ERROR;
				CLANG_WARN__DUPLICATE_METHOD_MATCH = YES;
				CODE_SIGN_IDENTITY = "iPhone Developer: Vikash Soni (43AZ3G9YR4)";
				"CODE_SIGN_IDENTITY[sdk=*]" = "iPhone Developer: Vikash Soni (43AZ3G9YR4)";
				"CODE_SIGN_IDENTITY[sdk=iphoneos*]" = "iPhone Developer: Vikash Soni (43AZ3G9YR4)";
				COPY_PHASE_STRIP = NO;
				GCC_C_LANGUAGE_STANDARD = gnu99;
				GCC_DYNAMIC_NO_PIC = NO;
				GCC_OPTIMIZATION_LEVEL = 0;
				GCC_PREPROCESSOR_DEFINITIONS = (
					"DEBUG=1",
					"$(inherited)",
				);
				GCC_SYMBOLS_PRIVATE_EXTERN = NO;
				GCC_WARN_64_TO_32_BIT_CONVERSION = YES;
				GCC_WARN_ABOUT_RETURN_TYPE = YES_ERROR;
				GCC_WARN_UNDECLARED_SELECTOR = YES;
				GCC_WARN_UNINITIALIZED_AUTOS = YES_AGGRESSIVE;
				GCC_WARN_UNUSED_FUNCTION = YES;
				GCC_WARN_UNUSED_VARIABLE = YES;
				IPHONEOS_DEPLOYMENT_TARGET = 7.1;
				ONLY_ACTIVE_ARCH = YES;
				PROVISIONING_PROFILE = "bb651afc-9a5c-48ac-90a6-a7e219aa7ba7";
				SDKROOT = iphoneos;
			};
			name = Debug;
		};
		EB22D6B019ADB9CB00745D47 /* Release */ = {
			isa = XCBuildConfiguration;
			buildSettings = {
				ALWAYS_SEARCH_USER_PATHS = NO;
				CLANG_CXX_LANGUAGE_STANDARD = "gnu++0x";
				CLANG_CXX_LIBRARY = "libc++";
				CLANG_ENABLE_MODULES = YES;
				CLANG_ENABLE_OBJC_ARC = YES;
				CLANG_WARN_BOOL_CONVERSION = YES;
				CLANG_WARN_CONSTANT_CONVERSION = YES;
				CLANG_WARN_DIRECT_OBJC_ISA_USAGE = YES_ERROR;
				CLANG_WARN_EMPTY_BODY = YES;
				CLANG_WARN_ENUM_CONVERSION = YES;
				CLANG_WARN_INT_CONVERSION = YES;
				CLANG_WARN_OBJC_ROOT_CLASS = YES_ERROR;
				CLANG_WARN__DUPLICATE_METHOD_MATCH = YES;
				CODE_SIGN_IDENTITY = "iPhone Developer: Vikash Soni (43AZ3G9YR4)";
				"CODE_SIGN_IDENTITY[sdk=iphoneos*]" = "iPhone Developer";
				COPY_PHASE_STRIP = YES;
				ENABLE_NS_ASSERTIONS = NO;
				GCC_C_LANGUAGE_STANDARD = gnu99;
				GCC_WARN_64_TO_32_BIT_CONVERSION = YES;
				GCC_WARN_ABOUT_RETURN_TYPE = YES_ERROR;
				GCC_WARN_UNDECLARED_SELECTOR = YES;
				GCC_WARN_UNINITIALIZED_AUTOS = YES_AGGRESSIVE;
				GCC_WARN_UNUSED_FUNCTION = YES;
				GCC_WARN_UNUSED_VARIABLE = YES;
				IPHONEOS_DEPLOYMENT_TARGET = 7.1;
				PROVISIONING_PROFILE = "bb651afc-9a5c-48ac-90a6-a7e219aa7ba7";
				SDKROOT = iphoneos;
				VALIDATE_PRODUCT = YES;
			};
			name = Release;
		};
		EB22D6B219ADB9CB00745D47 /* Debug */ = {
			isa = XCBuildConfiguration;
			buildSettings = {
				ASSETCATALOG_COMPILER_APPICON_NAME = AppIcon;
				ASSETCATALOG_COMPILER_LAUNCHIMAGE_NAME = LaunchImage;
				CODE_SIGN_IDENTITY = "iPhone Developer";
				"CODE_SIGN_IDENTITY[sdk=*]" = "iPhone Developer: Vikash Soni (43AZ3G9YR4)";
				"CODE_SIGN_IDENTITY[sdk=iphoneos*]" = "iPhone Developer";
				FRAMEWORK_SEARCH_PATHS = (
					"$(inherited)",
					"$(SRCROOT)/",
					"(1)",
					"$(PROJECT_DIR)/parse-library-1.2.21",
				);
				GCC_PRECOMPILE_PREFIX_HEADER = YES;
				GCC_PREFIX_HEADER = "SampleChatApp/SampleChatApp-Prefix.pch";
				INFOPLIST_FILE = "SampleChatApp/SampleChatApp-Info.plist";
				PRODUCT_NAME = "$(TARGET_NAME)";
				PROVISIONING_PROFILE = "";
				TARGETED_DEVICE_FAMILY = 1;
				WRAPPER_EXTENSION = app;
			};
			name = Debug;
		};
		EB22D6B319ADB9CB00745D47 /* Release */ = {
			isa = XCBuildConfiguration;
			buildSettings = {
				ASSETCATALOG_COMPILER_APPICON_NAME = AppIcon;
				ASSETCATALOG_COMPILER_LAUNCHIMAGE_NAME = LaunchImage;
				CODE_SIGN_IDENTITY = "iPhone Developer";
				"CODE_SIGN_IDENTITY[sdk=iphoneos*]" = "iPhone Developer";
				FRAMEWORK_SEARCH_PATHS = (
					"$(inherited)",
					"$(SRCROOT)/",
					"(1)",
					"$(PROJECT_DIR)/parse-library-1.2.21",
				);
				GCC_PRECOMPILE_PREFIX_HEADER = YES;
				GCC_PREFIX_HEADER = "SampleChatApp/SampleChatApp-Prefix.pch";
				INFOPLIST_FILE = "SampleChatApp/SampleChatApp-Info.plist";
				PRODUCT_NAME = "$(TARGET_NAME)";
				PROVISIONING_PROFILE = "";
				TARGETED_DEVICE_FAMILY = 1;
				WRAPPER_EXTENSION = app;
			};
			name = Release;
		};
		EB22D6B519ADB9CB00745D47 /* Debug */ = {
			isa = XCBuildConfiguration;
			buildSettings = {
				BUNDLE_LOADER = "$(BUILT_PRODUCTS_DIR)/SampleChatApp.app/SampleChatApp";
				FRAMEWORK_SEARCH_PATHS = (
					"$(SDKROOT)/Developer/Library/Frameworks",
					"$(inherited)",
					"$(DEVELOPER_FRAMEWORKS_DIR)",
				);
				GCC_PRECOMPILE_PREFIX_HEADER = YES;
				GCC_PREFIX_HEADER = "SampleChatApp/SampleChatApp-Prefix.pch";
				GCC_PREPROCESSOR_DEFINITIONS = (
					"DEBUG=1",
					"$(inherited)",
				);
				INFOPLIST_FILE = "SampleChatAppTests/SampleChatAppTests-Info.plist";
				PRODUCT_NAME = "$(TARGET_NAME)";
				TEST_HOST = "$(BUNDLE_LOADER)";
				WRAPPER_EXTENSION = xctest;
			};
			name = Debug;
		};
		EB22D6B619ADB9CB00745D47 /* Release */ = {
			isa = XCBuildConfiguration;
			buildSettings = {
				BUNDLE_LOADER = "$(BUILT_PRODUCTS_DIR)/SampleChatApp.app/SampleChatApp";
				FRAMEWORK_SEARCH_PATHS = (
					"$(SDKROOT)/Developer/Library/Frameworks",
					"$(inherited)",
					"$(DEVELOPER_FRAMEWORKS_DIR)",
				);
				GCC_PRECOMPILE_PREFIX_HEADER = YES;
				GCC_PREFIX_HEADER = "SampleChatApp/SampleChatApp-Prefix.pch";
				INFOPLIST_FILE = "SampleChatAppTests/SampleChatAppTests-Info.plist";
				PRODUCT_NAME = "$(TARGET_NAME)";
				TEST_HOST = "$(BUNDLE_LOADER)";
				WRAPPER_EXTENSION = xctest;
			};
			name = Release;
		};
/* End XCBuildConfiguration section */

/* Begin XCConfigurationList section */
		EB22D67A19ADB9CB00745D47 /* Build configuration list for PBXProject "SampleChatApp" */ = {
			isa = XCConfigurationList;
			buildConfigurations = (
				EB22D6AF19ADB9CB00745D47 /* Debug */,
				EB22D6B019ADB9CB00745D47 /* Release */,
			);
			defaultConfigurationIsVisible = 0;
			defaultConfigurationName = Release;
		};
		EB22D6B119ADB9CB00745D47 /* Build configuration list for PBXNativeTarget "SampleChatApp" */ = {
			isa = XCConfigurationList;
			buildConfigurations = (
				EB22D6B219ADB9CB00745D47 /* Debug */,
				EB22D6B319ADB9CB00745D47 /* Release */,
			);
			defaultConfigurationIsVisible = 0;
			defaultConfigurationName = Release;
		};
		EB22D6B419ADB9CB00745D47 /* Build configuration list for PBXNativeTarget "SampleChatAppTests" */ = {
			isa = XCConfigurationList;
			buildConfigurations = (
				EB22D6B519ADB9CB00745D47 /* Debug */,
				EB22D6B619ADB9CB00745D47 /* Release */,
			);
			defaultConfigurationIsVisible = 0;
			defaultConfigurationName = Release;
		};
/* End XCConfigurationList section */
	};
	rootObject = EB22D67719ADB9CB00745D47 /* Project object */;
}
